
Microsoft Visual Studio Solution File, Format Version 12.00
# Visual Studio Version 17
VisualStudioVersion = 17.10.35201.131
MinimumVisualStudioVersion = 10.0.40219.1
Project("{2150E333-8FDC-42A3-9474-1A3956D46DE8}") = "Services", "Services", "{59C617D5-A36D-483D-A0C8-5D5FB3CC985C}"
EndProject
Project("{2150E333-8FDC-42A3-9474-1A3956D46DE8}") = "CatalogoCursos", "CatalogoCursos", "{AA84EE3A-2F5C-4E23-8E22-4385983DAE7D}"
EndProject
Project("{2150E333-8FDC-42A3-9474-1A3956D46DE8}") = "Usuarios", "Usuarios", "{97768BA4-F9EA-4B76-945B-2AB11572FD25}"
EndProject
Project("{2150E333-8FDC-42A3-9474-1A3956D46DE8}") = "Matriculas", "Matriculas", "{6664B525-2627-42D4-A107-07FBB92FF7B4}"
EndProject
Project("{2150E333-8FDC-42A3-9474-1A3956D46DE8}") = "Avaliacoes", "Avaliacoes", "{08986817-5689-49DD-A9A8-4AE1ECAA8C24}"
EndProject
Project("{2150E333-8FDC-42A3-9474-1A3956D46DE8}") = "Administracao", "Administracao", "{74BE5D18-B9B2-464C-BF82-CAB51F4117AF}"
EndProject
Project("{2150E333-8FDC-42A3-9474-1A3956D46DE8}") = "Core", "Core", "{B8547E59-6A31-437F-A8CA-8A24BCB38610}"
EndProject
Project("{2150E333-8FDC-42A3-9474-1A3956D46DE8}") = "Fiscal", "Fiscal", "{ECE765F6-48E4-4844-BBE4-624F5ED440BC}"
EndProject
Project("{2150E333-8FDC-42A3-9474-1A3956D46DE8}") = "Pagamentos", "Pagamentos", "{A4155716-B851-4863-900E-F52B293335B2}"
EndProject
Project("{9A19103F-16F7-4668-BE54-9A1E7A4F7556}") = "EducaMBAXpert.Usuarios.Application", "src\EducaMBAXpert.Usuario.Application\EducaMBAXpert.Usuarios.Application.csproj", "{E9F27D64-5529-43A6-81BC-3A220CFA96F6}"
EndProject
Project("{9A19103F-16F7-4668-BE54-9A1E7A4F7556}") = "EducaMBAXpert.Usuarios.Data", "src\EducaMBAXpert.Usuario.Data\EducaMBAXpert.Usuarios.Data.csproj", "{D296645B-D862-4339-9F22-487B1F3BE12C}"
EndProject
Project("{9A19103F-16F7-4668-BE54-9A1E7A4F7556}") = "EducaMBAXpert.Usuarios.Domain", "src\EducaMBAXpert.Usuario.Domain\EducaMBAXpert.Usuarios.Domain.csproj", "{CBBC47B4-9231-4BB4-9D8F-79EF82901734}"
EndProject
Project("{9A19103F-16F7-4668-BE54-9A1E7A4F7556}") = "EducaMBAXpert.Matriculas.Data", "src\EducaMBAXpert.Matriculas.Data\EducaMBAXpert.Matriculas.Data.csproj", "{50EFFDB2-7C80-41F8-B043-68A1217D79A0}"
EndProject
Project("{9A19103F-16F7-4668-BE54-9A1E7A4F7556}") = "EducaMBAXpert.Matriculas.Domain", "src\EducaMBAXpert.Matriculas.Domain\EducaMBAXpert.Matriculas.Domain.csproj", "{E05286DC-C7E5-429A-93E4-AADF6416992E}"
EndProject
Project("{9A19103F-16F7-4668-BE54-9A1E7A4F7556}") = "EducaMBAXpert.Matriculas.Application", "src\EducaMBAXpert.Matriculas.Application\EducaMBAXpert.Matriculas.Application.csproj", "{5E7C8554-C69B-448A-9B14-0B1B5D955512}"
EndProject
Project("{9A19103F-16F7-4668-BE54-9A1E7A4F7556}") = "EducaMBAXpert.CatalagoCursos.Application", "src\EducaMBAXpert.CatalagoCursos.Application\EducaMBAXpert.CatalagoCursos.Application.csproj", "{D136AF99-DFAE-4245-BC99-5153D49DDD02}"
EndProject
Project("{9A19103F-16F7-4668-BE54-9A1E7A4F7556}") = "EducaMBAXpert.CatalagoCursos.Data", "src\EducaMBAXpert.CatalagoCursos.Data\EducaMBAXpert.CatalagoCursos.Data.csproj", "{9BA2867D-4B78-4FF7-9EA9-2FE4440BD629}"
EndProject
Project("{9A19103F-16F7-4668-BE54-9A1E7A4F7556}") = "EducaMBAXpert.CatalagoCursos.Domain", "src\EducaMBAXpert.CatalagoCursos.Domain\EducaMBAXpert.CatalagoCursos.Domain.csproj", "{D7057D2B-3763-4149-91D7-280049534C53}"
EndProject
Project("{9A19103F-16F7-4668-BE54-9A1E7A4F7556}") = "EducaMBAXpert.Avaliacoes.Data", "src\EducaMBAXpert.Avaliacoes.Data\EducaMBAXpert.Avaliacoes.Data.csproj", "{6A238A91-50A2-433A-AD69-ED128DF59E3B}"
EndProject
Project("{9A19103F-16F7-4668-BE54-9A1E7A4F7556}") = "EducaMBAXpert.Avaliacoes.Application", "src\EducaMBAXpert.Avaliacoes.Application\EducaMBAXpert.Avaliacoes.Application.csproj", "{42957ADA-2C69-44F1-ACD2-59F461876D87}"
EndProject
Project("{9A19103F-16F7-4668-BE54-9A1E7A4F7556}") = "EducaMBAXpert.Avaliacoes.Domain", "src\EducaMBAXpert.Avaliacoes.Domain\EducaMBAXpert.Avaliacoes.Domain.csproj", "{E76F4612-E5C0-480C-8E7C-3F8B40B1E692}"
EndProject
Project("{9A19103F-16F7-4668-BE54-9A1E7A4F7556}") = "EducaMBAXpert.Pagamentos.AntiCorruption", "src\EducaMBAXpert.Pagamentos.AntiCorruption\EducaMBAXpert.Pagamentos.AntiCorruption.csproj", "{D20B5CAC-A067-4084-B6E8-C6C0A723F25D}"
EndProject
Project("{9A19103F-16F7-4668-BE54-9A1E7A4F7556}") = "EducaMBAXpert.Pagamentos.Business", "src\EducaMBAXpert.Pagamento.Business\EducaMBAXpert.Pagamentos.Business.csproj", "{A2BEB25D-0658-4BFE-853C-5D71515E159B}"
EndProject
Project("{9A19103F-16F7-4668-BE54-9A1E7A4F7556}") = "EducaMBAXpert.Pagamentos.Data", "src\EducaMBAXpert.Pagamento.Data\EducaMBAXpert.Pagamentos.Data.csproj", "{51630BAA-67D1-4E13-8805-84FC15A88FE8}"
EndProject
Project("{9A19103F-16F7-4668-BE54-9A1E7A4F7556}") = "EducaMBAXpert.Core", "src\EducaMBAXpert.Core\EducaMBAXpert.Core.csproj", "{79D525CF-95B4-456B-A6D6-5A182DFD7612}"
EndProject
Project("{2150E333-8FDC-42A3-9474-1A3956D46DE8}") = "WebApp", "WebApp", "{29272DC2-525B-433F-8035-1F04D8045B49}"
EndProject
Project("{9A19103F-16F7-4668-BE54-9A1E7A4F7556}") = "EducaMBAXpert.Api", "src\EducaMBAXpert.Api\EducaMBAXpert.Api.csproj", "{B38749F6-7F23-49AB-BACC-2C84773B4BA4}"
EndProject
Project("{FAE04EC0-301F-11D3-BF4B-00C04F79EFBC}") = "EducaMBAXpert.Pagamentos.Application", "src\EducaMBAXpert.Pagamentos.Application\EducaMBAXpert.Pagamentos.Application.csproj", "{13F6B2A8-D143-4FA3-B2F0-5A3844AA3BA6}"
EndProject
Global
	GlobalSection(SolutionConfigurationPlatforms) = preSolution
		Debug|Any CPU = Debug|Any CPU
		Release|Any CPU = Release|Any CPU
	EndGlobalSection
	GlobalSection(ProjectConfigurationPlatforms) = postSolution
		{E9F27D64-5529-43A6-81BC-3A220CFA96F6}.Debug|Any CPU.ActiveCfg = Debug|Any CPU
		{E9F27D64-5529-43A6-81BC-3A220CFA96F6}.Debug|Any CPU.Build.0 = Debug|Any CPU
		{E9F27D64-5529-43A6-81BC-3A220CFA96F6}.Release|Any CPU.ActiveCfg = Release|Any CPU
		{E9F27D64-5529-43A6-81BC-3A220CFA96F6}.Release|Any CPU.Build.0 = Release|Any CPU
		{D296645B-D862-4339-9F22-487B1F3BE12C}.Debug|Any CPU.ActiveCfg = Debug|Any CPU
		{D296645B-D862-4339-9F22-487B1F3BE12C}.Debug|Any CPU.Build.0 = Debug|Any CPU
		{D296645B-D862-4339-9F22-487B1F3BE12C}.Release|Any CPU.ActiveCfg = Release|Any CPU
		{D296645B-D862-4339-9F22-487B1F3BE12C}.Release|Any CPU.Build.0 = Release|Any CPU
		{CBBC47B4-9231-4BB4-9D8F-79EF82901734}.Debug|Any CPU.ActiveCfg = Debug|Any CPU
		{CBBC47B4-9231-4BB4-9D8F-79EF82901734}.Debug|Any CPU.Build.0 = Debug|Any CPU
		{CBBC47B4-9231-4BB4-9D8F-79EF82901734}.Release|Any CPU.ActiveCfg = Release|Any CPU
		{CBBC47B4-9231-4BB4-9D8F-79EF82901734}.Release|Any CPU.Build.0 = Release|Any CPU
		{50EFFDB2-7C80-41F8-B043-68A1217D79A0}.Debug|Any CPU.ActiveCfg = Debug|Any CPU
		{50EFFDB2-7C80-41F8-B043-68A1217D79A0}.Debug|Any CPU.Build.0 = Debug|Any CPU
		{50EFFDB2-7C80-41F8-B043-68A1217D79A0}.Release|Any CPU.ActiveCfg = Release|Any CPU
		{50EFFDB2-7C80-41F8-B043-68A1217D79A0}.Release|Any CPU.Build.0 = Release|Any CPU
		{E05286DC-C7E5-429A-93E4-AADF6416992E}.Debug|Any CPU.ActiveCfg = Debug|Any CPU
		{E05286DC-C7E5-429A-93E4-AADF6416992E}.Debug|Any CPU.Build.0 = Debug|Any CPU
		{E05286DC-C7E5-429A-93E4-AADF6416992E}.Release|Any CPU.ActiveCfg = Release|Any CPU
		{E05286DC-C7E5-429A-93E4-AADF6416992E}.Release|Any CPU.Build.0 = Release|Any CPU
		{5E7C8554-C69B-448A-9B14-0B1B5D955512}.Debug|Any CPU.ActiveCfg = Debug|Any CPU
		{5E7C8554-C69B-448A-9B14-0B1B5D955512}.Debug|Any CPU.Build.0 = Debug|Any CPU
		{5E7C8554-C69B-448A-9B14-0B1B5D955512}.Release|Any CPU.ActiveCfg = Release|Any CPU
		{5E7C8554-C69B-448A-9B14-0B1B5D955512}.Release|Any CPU.Build.0 = Release|Any CPU
		{D136AF99-DFAE-4245-BC99-5153D49DDD02}.Debug|Any CPU.ActiveCfg = Debug|Any CPU
		{D136AF99-DFAE-4245-BC99-5153D49DDD02}.Debug|Any CPU.Build.0 = Debug|Any CPU
		{D136AF99-DFAE-4245-BC99-5153D49DDD02}.Release|Any CPU.ActiveCfg = Release|Any CPU
		{D136AF99-DFAE-4245-BC99-5153D49DDD02}.Release|Any CPU.Build.0 = Release|Any CPU
		{9BA2867D-4B78-4FF7-9EA9-2FE4440BD629}.Debug|Any CPU.ActiveCfg = Debug|Any CPU
		{9BA2867D-4B78-4FF7-9EA9-2FE4440BD629}.Debug|Any CPU.Build.0 = Debug|Any CPU
		{9BA2867D-4B78-4FF7-9EA9-2FE4440BD629}.Release|Any CPU.ActiveCfg = Release|Any CPU
		{9BA2867D-4B78-4FF7-9EA9-2FE4440BD629}.Release|Any CPU.Build.0 = Release|Any CPU
		{D7057D2B-3763-4149-91D7-280049534C53}.Debug|Any CPU.ActiveCfg = Debug|Any CPU
		{D7057D2B-3763-4149-91D7-280049534C53}.Debug|Any CPU.Build.0 = Debug|Any CPU
		{D7057D2B-3763-4149-91D7-280049534C53}.Release|Any CPU.ActiveCfg = Release|Any CPU
		{D7057D2B-3763-4149-91D7-280049534C53}.Release|Any CPU.Build.0 = Release|Any CPU
		{6A238A91-50A2-433A-AD69-ED128DF59E3B}.Debug|Any CPU.ActiveCfg = Debug|Any CPU
		{6A238A91-50A2-433A-AD69-ED128DF59E3B}.Debug|Any CPU.Build.0 = Debug|Any CPU
		{6A238A91-50A2-433A-AD69-ED128DF59E3B}.Release|Any CPU.ActiveCfg = Release|Any CPU
		{6A238A91-50A2-433A-AD69-ED128DF59E3B}.Release|Any CPU.Build.0 = Release|Any CPU
		{42957ADA-2C69-44F1-ACD2-59F461876D87}.Debug|Any CPU.ActiveCfg = Debug|Any CPU
		{42957ADA-2C69-44F1-ACD2-59F461876D87}.Debug|Any CPU.Build.0 = Debug|Any CPU
		{42957ADA-2C69-44F1-ACD2-59F461876D87}.Release|Any CPU.ActiveCfg = Release|Any CPU
		{42957ADA-2C69-44F1-ACD2-59F461876D87}.Release|Any CPU.Build.0 = Release|Any CPU
		{E76F4612-E5C0-480C-8E7C-3F8B40B1E692}.Debug|Any CPU.ActiveCfg = Debug|Any CPU
		{E76F4612-E5C0-480C-8E7C-3F8B40B1E692}.Debug|Any CPU.Build.0 = Debug|Any CPU
		{E76F4612-E5C0-480C-8E7C-3F8B40B1E692}.Release|Any CPU.ActiveCfg = Release|Any CPU
		{E76F4612-E5C0-480C-8E7C-3F8B40B1E692}.Release|Any CPU.Build.0 = Release|Any CPU
		{D20B5CAC-A067-4084-B6E8-C6C0A723F25D}.Debug|Any CPU.ActiveCfg = Debug|Any CPU
		{D20B5CAC-A067-4084-B6E8-C6C0A723F25D}.Debug|Any CPU.Build.0 = Debug|Any CPU
		{D20B5CAC-A067-4084-B6E8-C6C0A723F25D}.Release|Any CPU.ActiveCfg = Release|Any CPU
		{D20B5CAC-A067-4084-B6E8-C6C0A723F25D}.Release|Any CPU.Build.0 = Release|Any CPU
		{A2BEB25D-0658-4BFE-853C-5D71515E159B}.Debug|Any CPU.ActiveCfg = Debug|Any CPU
		{A2BEB25D-0658-4BFE-853C-5D71515E159B}.Debug|Any CPU.Build.0 = Debug|Any CPU
		{A2BEB25D-0658-4BFE-853C-5D71515E159B}.Release|Any CPU.ActiveCfg = Release|Any CPU
		{A2BEB25D-0658-4BFE-853C-5D71515E159B}.Release|Any CPU.Build.0 = Release|Any CPU
		{51630BAA-67D1-4E13-8805-84FC15A88FE8}.Debug|Any CPU.ActiveCfg = Debug|Any CPU
		{51630BAA-67D1-4E13-8805-84FC15A88FE8}.Debug|Any CPU.Build.0 = Debug|Any CPU
		{51630BAA-67D1-4E13-8805-84FC15A88FE8}.Release|Any CPU.ActiveCfg = Release|Any CPU
		{51630BAA-67D1-4E13-8805-84FC15A88FE8}.Release|Any CPU.Build.0 = Release|Any CPU
		{79D525CF-95B4-456B-A6D6-5A182DFD7612}.Debug|Any CPU.ActiveCfg = Debug|Any CPU
		{79D525CF-95B4-456B-A6D6-5A182DFD7612}.Debug|Any CPU.Build.0 = Debug|Any CPU
		{79D525CF-95B4-456B-A6D6-5A182DFD7612}.Release|Any CPU.ActiveCfg = Release|Any CPU
		{79D525CF-95B4-456B-A6D6-5A182DFD7612}.Release|Any CPU.Build.0 = Release|Any CPU
		{B38749F6-7F23-49AB-BACC-2C84773B4BA4}.Debug|Any CPU.ActiveCfg = Debug|Any CPU
		{B38749F6-7F23-49AB-BACC-2C84773B4BA4}.Debug|Any CPU.Build.0 = Debug|Any CPU
		{B38749F6-7F23-49AB-BACC-2C84773B4BA4}.Release|Any CPU.ActiveCfg = Release|Any CPU
		{B38749F6-7F23-49AB-BACC-2C84773B4BA4}.Release|Any CPU.Build.0 = Release|Any CPU
		{13F6B2A8-D143-4FA3-B2F0-5A3844AA3BA6}.Debug|Any CPU.ActiveCfg = Debug|Any CPU
		{13F6B2A8-D143-4FA3-B2F0-5A3844AA3BA6}.Debug|Any CPU.Build.0 = Debug|Any CPU
		{13F6B2A8-D143-4FA3-B2F0-5A3844AA3BA6}.Release|Any CPU.ActiveCfg = Release|Any CPU
		{13F6B2A8-D143-4FA3-B2F0-5A3844AA3BA6}.Release|Any CPU.Build.0 = Release|Any CPU
	EndGlobalSection
	GlobalSection(SolutionProperties) = preSolution
		HideSolutionNode = FALSE
	EndGlobalSection
	GlobalSection(NestedProjects) = preSolution
		{AA84EE3A-2F5C-4E23-8E22-4385983DAE7D} = {59C617D5-A36D-483D-A0C8-5D5FB3CC985C}
		{97768BA4-F9EA-4B76-945B-2AB11572FD25} = {59C617D5-A36D-483D-A0C8-5D5FB3CC985C}
		{6664B525-2627-42D4-A107-07FBB92FF7B4} = {59C617D5-A36D-483D-A0C8-5D5FB3CC985C}
		{08986817-5689-49DD-A9A8-4AE1ECAA8C24} = {59C617D5-A36D-483D-A0C8-5D5FB3CC985C}
		{74BE5D18-B9B2-464C-BF82-CAB51F4117AF} = {59C617D5-A36D-483D-A0C8-5D5FB3CC985C}
		{B8547E59-6A31-437F-A8CA-8A24BCB38610} = {59C617D5-A36D-483D-A0C8-5D5FB3CC985C}
		{ECE765F6-48E4-4844-BBE4-624F5ED440BC} = {59C617D5-A36D-483D-A0C8-5D5FB3CC985C}
		{A4155716-B851-4863-900E-F52B293335B2} = {59C617D5-A36D-483D-A0C8-5D5FB3CC985C}
		{E9F27D64-5529-43A6-81BC-3A220CFA96F6} = {97768BA4-F9EA-4B76-945B-2AB11572FD25}
		{D296645B-D862-4339-9F22-487B1F3BE12C} = {97768BA4-F9EA-4B76-945B-2AB11572FD25}
		{CBBC47B4-9231-4BB4-9D8F-79EF82901734} = {97768BA4-F9EA-4B76-945B-2AB11572FD25}
		{50EFFDB2-7C80-41F8-B043-68A1217D79A0} = {6664B525-2627-42D4-A107-07FBB92FF7B4}
		{E05286DC-C7E5-429A-93E4-AADF6416992E} = {6664B525-2627-42D4-A107-07FBB92FF7B4}
		{5E7C8554-C69B-448A-9B14-0B1B5D955512} = {6664B525-2627-42D4-A107-07FBB92FF7B4}
		{D136AF99-DFAE-4245-BC99-5153D49DDD02} = {AA84EE3A-2F5C-4E23-8E22-4385983DAE7D}
		{9BA2867D-4B78-4FF7-9EA9-2FE4440BD629} = {AA84EE3A-2F5C-4E23-8E22-4385983DAE7D}
		{D7057D2B-3763-4149-91D7-280049534C53} = {AA84EE3A-2F5C-4E23-8E22-4385983DAE7D}
		{6A238A91-50A2-433A-AD69-ED128DF59E3B} = {08986817-5689-49DD-A9A8-4AE1ECAA8C24}
		{42957ADA-2C69-44F1-ACD2-59F461876D87} = {08986817-5689-49DD-A9A8-4AE1ECAA8C24}
		{E76F4612-E5C0-480C-8E7C-3F8B40B1E692} = {08986817-5689-49DD-A9A8-4AE1ECAA8C24}
		{D20B5CAC-A067-4084-B6E8-C6C0A723F25D} = {A4155716-B851-4863-900E-F52B293335B2}
		{A2BEB25D-0658-4BFE-853C-5D71515E159B} = {A4155716-B851-4863-900E-F52B293335B2}
		{51630BAA-67D1-4E13-8805-84FC15A88FE8} = {A4155716-B851-4863-900E-F52B293335B2}
		{79D525CF-95B4-456B-A6D6-5A182DFD7612} = {B8547E59-6A31-437F-A8CA-8A24BCB38610}
		{B38749F6-7F23-49AB-BACC-2C84773B4BA4} = {29272DC2-525B-433F-8035-1F04D8045B49}
		{13F6B2A8-D143-4FA3-B2F0-5A3844AA3BA6} = {A4155716-B851-4863-900E-F52B293335B2}
	EndGlobalSection
	GlobalSection(ExtensibilityGlobals) = postSolution
		SolutionGuid = {5D59F373-B1A8-432E-91B6-126CFE824F5C}
	EndGlobalSection
EndGlobal
