
Microsoft Visual Studio Solution File, Format Version 12.00
# Visual Studio Version 17
VisualStudioVersion = 17.10.35201.131
MinimumVisualStudioVersion = 10.0.40219.1
Project("{2150E333-8FDC-42A3-9474-1A3956D46DE8}") = "Services", "Services", "{59C617D5-A36D-483D-A0C8-5D5FB3CC985C}"
EndProject
Project("{2150E333-8FDC-42A3-9474-1A3956D46DE8}") = "CatalogoCursos", "CatalogoCursos", "{AA84EE3A-2F5C-4E23-8E22-4385983DAE7D}"
EndProject
Project("{2150E333-8FDC-42A3-9474-1A3956D46DE8}") = "Alunos", "Alunos", "{97768BA4-F9EA-4B76-945B-2AB11572FD25}"
EndProject
Project("{2150E333-8FDC-42A3-9474-1A3956D46DE8}") = "Core", "Core", "{B8547E59-6A31-437F-A8CA-8A24BCB38610}"
EndProject
Project("{2150E333-8FDC-42A3-9474-1A3956D46DE8}") = "Pagamentos", "Pagamentos", "{A4155716-B851-4863-900E-F52B293335B2}"
EndProject
Project("{9A19103F-16F7-4668-BE54-9A1E7A4F7556}") = "EducaMBAXpert.CatalagoCursos.Application", "src\EducaMBAXpert.CatalagoCursos.Application\EducaMBAXpert.CatalagoCursos.Application.csproj", "{D136AF99-DFAE-4245-BC99-5153D49DDD02}"
EndProject
Project("{9A19103F-16F7-4668-BE54-9A1E7A4F7556}") = "EducaMBAXpert.CatalagoCursos.Data", "src\EducaMBAXpert.CatalagoCursos.Data\EducaMBAXpert.CatalagoCursos.Data.csproj", "{9BA2867D-4B78-4FF7-9EA9-2FE4440BD629}"
EndProject
Project("{9A19103F-16F7-4668-BE54-9A1E7A4F7556}") = "EducaMBAXpert.CatalagoCursos.Domain", "src\EducaMBAXpert.CatalagoCursos.Domain\EducaMBAXpert.CatalagoCursos.Domain.csproj", "{D7057D2B-3763-4149-91D7-280049534C53}"
EndProject
Project("{9A19103F-16F7-4668-BE54-9A1E7A4F7556}") = "EducaMBAXpert.Pagamentos.AntiCorruption", "src\EducaMBAXpert.Pagamentos.AntiCorruption\EducaMBAXpert.Pagamentos.AntiCorruption.csproj", "{D20B5CAC-A067-4084-B6E8-C6C0A723F25D}"
EndProject
Project("{9A19103F-16F7-4668-BE54-9A1E7A4F7556}") = "EducaMBAXpert.Pagamentos.Business", "src\EducaMBAXpert.Pagamento.Business\EducaMBAXpert.Pagamentos.Business.csproj", "{A2BEB25D-0658-4BFE-853C-5D71515E159B}"
EndProject
Project("{9A19103F-16F7-4668-BE54-9A1E7A4F7556}") = "EducaMBAXpert.Pagamentos.Data", "src\EducaMBAXpert.Pagamento.Data\EducaMBAXpert.Pagamentos.Data.csproj", "{51630BAA-67D1-4E13-8805-84FC15A88FE8}"
EndProject
Project("{9A19103F-16F7-4668-BE54-9A1E7A4F7556}") = "EducaMBAXpert.Core", "src\EducaMBAXpert.Core\EducaMBAXpert.Core.csproj", "{79D525CF-95B4-456B-A6D6-5A182DFD7612}"
EndProject
Project("{2150E333-8FDC-42A3-9474-1A3956D46DE8}") = "WebApp", "WebApp", "{29272DC2-525B-433F-8035-1F04D8045B49}"
EndProject
Project("{9A19103F-16F7-4668-BE54-9A1E7A4F7556}") = "EducaMBAXpert.Api", "src\EducaMBAXpert.Api\EducaMBAXpert.Api.csproj", "{B38749F6-7F23-49AB-BACC-2C84773B4BA4}"
EndProject
Project("{9A19103F-16F7-4668-BE54-9A1E7A4F7556}") = "EducaMBAXpert.Pagamentos.Application", "src\EducaMBAXpert.Pagamentos.Application\EducaMBAXpert.Pagamentos.Application.csproj", "{13F6B2A8-D143-4FA3-B2F0-5A3844AA3BA6}"
EndProject
Project("{9A19103F-16F7-4668-BE54-9A1E7A4F7556}") = "EducaMBAXpert.Alunos.Application", "src\EducaMBAXpert.Aluno.Application\EducaMBAXpert.Alunos.Application.csproj", "{E8BFBEA4-DD07-4BA6-B9BC-9DE1C8B21E4E}"
EndProject
Project("{9A19103F-16F7-4668-BE54-9A1E7A4F7556}") = "EducaMBAXpert.Alunos.Data", "src\EducaMBAXpert.Aluno.Data\EducaMBAXpert.Alunos.Data.csproj", "{95A92BE8-88FA-4B7B-A8E9-6B45A3541C60}"
EndProject
Project("{9A19103F-16F7-4668-BE54-9A1E7A4F7556}") = "EducaMBAXpert.Alunos.Domain", "src\EducaMBAXpert.Aluno.Domain\EducaMBAXpert.Alunos.Domain.csproj", "{E6966277-C493-4A7B-8F81-529CCB127A0C}"
EndProject
Project("{9A19103F-16F7-4668-BE54-9A1E7A4F7556}") = "EducaMBAXpert.Alunos.Test", "src\EducaMBAXpert.Alunos.Test\EducaMBAXpert.Alunos.Test.csproj", "{761573E5-16BC-4EFF-A0C1-5FAC58CA2D7E}"
EndProject
Project("{2150E333-8FDC-42A3-9474-1A3956D46DE8}") = "Tests", "Tests", "{417BABAC-F90B-4136-8783-977378DDB233}"
EndProject
Project("{9A19103F-16F7-4668-BE54-9A1E7A4F7556}") = "EducaMBAXpert.Api.Tests.Integration", "src\EducaMBAXpert.Api.Tests.Integration\EducaMBAXpert.Api.Tests.Integration.csproj", "{ED61297C-8280-41B3-832C-6EFDF3B80987}"
EndProject
Global
	GlobalSection(SolutionConfigurationPlatforms) = preSolution
		Debug|Any CPU = Debug|Any CPU
		Release|Any CPU = Release|Any CPU
	EndGlobalSection
	GlobalSection(ProjectConfigurationPlatforms) = postSolution
		{D136AF99-DFAE-4245-BC99-5153D49DDD02}.Debug|Any CPU.ActiveCfg = Debug|Any CPU
		{D136AF99-DFAE-4245-BC99-5153D49DDD02}.Debug|Any CPU.Build.0 = Debug|Any CPU
		{D136AF99-DFAE-4245-BC99-5153D49DDD02}.Release|Any CPU.ActiveCfg = Release|Any CPU
		{D136AF99-DFAE-4245-BC99-5153D49DDD02}.Release|Any CPU.Build.0 = Release|Any CPU
		{9BA2867D-4B78-4FF7-9EA9-2FE4440BD629}.Debug|Any CPU.ActiveCfg = Debug|Any CPU
		{9BA2867D-4B78-4FF7-9EA9-2FE4440BD629}.Debug|Any CPU.Build.0 = Debug|Any CPU
		{9BA2867D-4B78-4FF7-9EA9-2FE4440BD629}.Release|Any CPU.ActiveCfg = Release|Any CPU
		{9BA2867D-4B78-4FF7-9EA9-2FE4440BD629}.Release|Any CPU.Build.0 = Release|Any CPU
		{D7057D2B-3763-4149-91D7-280049534C53}.Debug|Any CPU.ActiveCfg = Debug|Any CPU
		{D7057D2B-3763-4149-91D7-280049534C53}.Debug|Any CPU.Build.0 = Debug|Any CPU
		{D7057D2B-3763-4149-91D7-280049534C53}.Release|Any CPU.ActiveCfg = Release|Any CPU
		{D7057D2B-3763-4149-91D7-280049534C53}.Release|Any CPU.Build.0 = Release|Any CPU
		{D20B5CAC-A067-4084-B6E8-C6C0A723F25D}.Debug|Any CPU.ActiveCfg = Debug|Any CPU
		{D20B5CAC-A067-4084-B6E8-C6C0A723F25D}.Debug|Any CPU.Build.0 = Debug|Any CPU
		{D20B5CAC-A067-4084-B6E8-C6C0A723F25D}.Release|Any CPU.ActiveCfg = Release|Any CPU
		{D20B5CAC-A067-4084-B6E8-C6C0A723F25D}.Release|Any CPU.Build.0 = Release|Any CPU
		{A2BEB25D-0658-4BFE-853C-5D71515E159B}.Debug|Any CPU.ActiveCfg = Debug|Any CPU
		{A2BEB25D-0658-4BFE-853C-5D71515E159B}.Debug|Any CPU.Build.0 = Debug|Any CPU
		{A2BEB25D-0658-4BFE-853C-5D71515E159B}.Release|Any CPU.ActiveCfg = Release|Any CPU
		{A2BEB25D-0658-4BFE-853C-5D71515E159B}.Release|Any CPU.Build.0 = Release|Any CPU
		{51630BAA-67D1-4E13-8805-84FC15A88FE8}.Debug|Any CPU.ActiveCfg = Debug|Any CPU
		{51630BAA-67D1-4E13-8805-84FC15A88FE8}.Debug|Any CPU.Build.0 = Debug|Any CPU
		{51630BAA-67D1-4E13-8805-84FC15A88FE8}.Release|Any CPU.ActiveCfg = Release|Any CPU
		{51630BAA-67D1-4E13-8805-84FC15A88FE8}.Release|Any CPU.Build.0 = Release|Any CPU
		{79D525CF-95B4-456B-A6D6-5A182DFD7612}.Debug|Any CPU.ActiveCfg = Debug|Any CPU
		{79D525CF-95B4-456B-A6D6-5A182DFD7612}.Debug|Any CPU.Build.0 = Debug|Any CPU
		{79D525CF-95B4-456B-A6D6-5A182DFD7612}.Release|Any CPU.ActiveCfg = Release|Any CPU
		{79D525CF-95B4-456B-A6D6-5A182DFD7612}.Release|Any CPU.Build.0 = Release|Any CPU
		{B38749F6-7F23-49AB-BACC-2C84773B4BA4}.Debug|Any CPU.ActiveCfg = Debug|Any CPU
		{B38749F6-7F23-49AB-BACC-2C84773B4BA4}.Debug|Any CPU.Build.0 = Debug|Any CPU
		{B38749F6-7F23-49AB-BACC-2C84773B4BA4}.Release|Any CPU.ActiveCfg = Release|Any CPU
		{B38749F6-7F23-49AB-BACC-2C84773B4BA4}.Release|Any CPU.Build.0 = Release|Any CPU
		{13F6B2A8-D143-4FA3-B2F0-5A3844AA3BA6}.Debug|Any CPU.ActiveCfg = Debug|Any CPU
		{13F6B2A8-D143-4FA3-B2F0-5A3844AA3BA6}.Debug|Any CPU.Build.0 = Debug|Any CPU
		{13F6B2A8-D143-4FA3-B2F0-5A3844AA3BA6}.Release|Any CPU.ActiveCfg = Release|Any CPU
		{13F6B2A8-D143-4FA3-B2F0-5A3844AA3BA6}.Release|Any CPU.Build.0 = Release|Any CPU
		{E8BFBEA4-DD07-4BA6-B9BC-9DE1C8B21E4E}.Debug|Any CPU.ActiveCfg = Debug|Any CPU
		{E8BFBEA4-DD07-4BA6-B9BC-9DE1C8B21E4E}.Debug|Any CPU.Build.0 = Debug|Any CPU
		{E8BFBEA4-DD07-4BA6-B9BC-9DE1C8B21E4E}.Release|Any CPU.ActiveCfg = Release|Any CPU
		{E8BFBEA4-DD07-4BA6-B9BC-9DE1C8B21E4E}.Release|Any CPU.Build.0 = Release|Any CPU
		{95A92BE8-88FA-4B7B-A8E9-6B45A3541C60}.Debug|Any CPU.ActiveCfg = Debug|Any CPU
		{95A92BE8-88FA-4B7B-A8E9-6B45A3541C60}.Debug|Any CPU.Build.0 = Debug|Any CPU
		{95A92BE8-88FA-4B7B-A8E9-6B45A3541C60}.Release|Any CPU.ActiveCfg = Release|Any CPU
		{95A92BE8-88FA-4B7B-A8E9-6B45A3541C60}.Release|Any CPU.Build.0 = Release|Any CPU
		{E6966277-C493-4A7B-8F81-529CCB127A0C}.Debug|Any CPU.ActiveCfg = Debug|Any CPU
		{E6966277-C493-4A7B-8F81-529CCB127A0C}.Debug|Any CPU.Build.0 = Debug|Any CPU
		{E6966277-C493-4A7B-8F81-529CCB127A0C}.Release|Any CPU.ActiveCfg = Release|Any CPU
		{E6966277-C493-4A7B-8F81-529CCB127A0C}.Release|Any CPU.Build.0 = Release|Any CPU
		{761573E5-16BC-4EFF-A0C1-5FAC58CA2D7E}.Debug|Any CPU.ActiveCfg = Debug|Any CPU
		{761573E5-16BC-4EFF-A0C1-5FAC58CA2D7E}.Debug|Any CPU.Build.0 = Debug|Any CPU
		{761573E5-16BC-4EFF-A0C1-5FAC58CA2D7E}.Release|Any CPU.ActiveCfg = Release|Any CPU
		{761573E5-16BC-4EFF-A0C1-5FAC58CA2D7E}.Release|Any CPU.Build.0 = Release|Any CPU
		{ED61297C-8280-41B3-832C-6EFDF3B80987}.Debug|Any CPU.ActiveCfg = Debug|Any CPU
		{ED61297C-8280-41B3-832C-6EFDF3B80987}.Debug|Any CPU.Build.0 = Debug|Any CPU
		{ED61297C-8280-41B3-832C-6EFDF3B80987}.Release|Any CPU.ActiveCfg = Release|Any CPU
		{ED61297C-8280-41B3-832C-6EFDF3B80987}.Release|Any CPU.Build.0 = Release|Any CPU
	EndGlobalSection
	GlobalSection(SolutionProperties) = preSolution
		HideSolutionNode = FALSE
	EndGlobalSection
	GlobalSection(NestedProjects) = preSolution
		{AA84EE3A-2F5C-4E23-8E22-4385983DAE7D} = {59C617D5-A36D-483D-A0C8-5D5FB3CC985C}
		{97768BA4-F9EA-4B76-945B-2AB11572FD25} = {59C617D5-A36D-483D-A0C8-5D5FB3CC985C}
		{B8547E59-6A31-437F-A8CA-8A24BCB38610} = {59C617D5-A36D-483D-A0C8-5D5FB3CC985C}
		{A4155716-B851-4863-900E-F52B293335B2} = {59C617D5-A36D-483D-A0C8-5D5FB3CC985C}
		{D136AF99-DFAE-4245-BC99-5153D49DDD02} = {AA84EE3A-2F5C-4E23-8E22-4385983DAE7D}
		{9BA2867D-4B78-4FF7-9EA9-2FE4440BD629} = {AA84EE3A-2F5C-4E23-8E22-4385983DAE7D}
		{D7057D2B-3763-4149-91D7-280049534C53} = {AA84EE3A-2F5C-4E23-8E22-4385983DAE7D}
		{D20B5CAC-A067-4084-B6E8-C6C0A723F25D} = {A4155716-B851-4863-900E-F52B293335B2}
		{A2BEB25D-0658-4BFE-853C-5D71515E159B} = {A4155716-B851-4863-900E-F52B293335B2}
		{51630BAA-67D1-4E13-8805-84FC15A88FE8} = {A4155716-B851-4863-900E-F52B293335B2}
		{79D525CF-95B4-456B-A6D6-5A182DFD7612} = {B8547E59-6A31-437F-A8CA-8A24BCB38610}
		{B38749F6-7F23-49AB-BACC-2C84773B4BA4} = {29272DC2-525B-433F-8035-1F04D8045B49}
		{13F6B2A8-D143-4FA3-B2F0-5A3844AA3BA6} = {A4155716-B851-4863-900E-F52B293335B2}
		{E8BFBEA4-DD07-4BA6-B9BC-9DE1C8B21E4E} = {97768BA4-F9EA-4B76-945B-2AB11572FD25}
		{95A92BE8-88FA-4B7B-A8E9-6B45A3541C60} = {97768BA4-F9EA-4B76-945B-2AB11572FD25}
		{E6966277-C493-4A7B-8F81-529CCB127A0C} = {97768BA4-F9EA-4B76-945B-2AB11572FD25}
		{761573E5-16BC-4EFF-A0C1-5FAC58CA2D7E} = {417BABAC-F90B-4136-8783-977378DDB233}
		{417BABAC-F90B-4136-8783-977378DDB233} = {97768BA4-F9EA-4B76-945B-2AB11572FD25}
		{ED61297C-8280-41B3-832C-6EFDF3B80987} = {29272DC2-525B-433F-8035-1F04D8045B49}
	EndGlobalSection
	GlobalSection(ExtensibilityGlobals) = postSolution
		SolutionGuid = {5D59F373-B1A8-432E-91B6-126CFE824F5C}
	EndGlobalSection
EndGlobal
